
Microsoft Visual Studio Solution File, Format Version 12.00
# Visual Studio Version 17
VisualStudioVersion = 17.5.33502.453
MinimumVisualStudioVersion = 10.0.40219.1
Project("{9A19103F-16F7-4668-BE54-9A1E7A4F7556}") = "ToDoList", "ToDoList\ToDoList.csproj", "{99F10676-B7C8-4E46-8A80-4B4089990246}"
EndProject
Project("{FAE04EC0-301F-11D3-BF4B-00C04F79EFBC}") = "Calculator", "Calculator\Calculator.csproj", "{E5DBAFD9-9EED-4293-932C-625E9871156A}"
EndProject
Global
	GlobalSection(SolutionConfigurationPlatforms) = preSolution
		Debug|Any CPU = Debug|Any CPU
		Release|Any CPU = Release|Any CPU
	EndGlobalSection
	GlobalSection(ProjectConfigurationPlatforms) = postSolution
		{99F10676-B7C8-4E46-8A80-4B4089990246}.Debug|Any CPU.ActiveCfg = Debug|Any CPU
		{99F10676-B7C8-4E46-8A80-4B4089990246}.Debug|Any CPU.Build.0 = Debug|Any CPU
		{99F10676-B7C8-4E46-8A80-4B4089990246}.Release|Any CPU.ActiveCfg = Release|Any CPU
		{99F10676-B7C8-4E46-8A80-4B4089990246}.Release|Any CPU.Build.0 = Release|Any CPU
		{E5DBAFD9-9EED-4293-932C-625E9871156A}.Debug|Any CPU.ActiveCfg = Debug|Any CPU
		{E5DBAFD9-9EED-4293-932C-625E9871156A}.Debug|Any CPU.Build.0 = Debug|Any CPU
		{E5DBAFD9-9EED-4293-932C-625E9871156A}.Release|Any CPU.ActiveCfg = Release|Any CPU
		{E5DBAFD9-9EED-4293-932C-625E9871156A}.Release|Any CPU.Build.0 = Release|Any CPU
	EndGlobalSection
	GlobalSection(SolutionProperties) = preSolution
		HideSolutionNode = FALSE
	EndGlobalSection
	GlobalSection(ExtensibilityGlobals) = postSolution
		SolutionGuid = {058AF9E3-2843-4035-B5E8-4C4A7BA838A2}
	EndGlobalSection
EndGlobal
