
Microsoft Visual Studio Solution File, Format Version 12.00
# Visual Studio Version 17
VisualStudioVersion = 17.7.34031.279
MinimumVisualStudioVersion = 10.0.40219.1
Project("{FAE04EC0-301F-11D3-BF4B-00C04F79EFBC}") = "InputChallenge", "InputChallenge\InputChallenge.csproj", "{3A694824-BF58-4BC3-82DB-6F1A3AC3BE42}"
EndProject
Global
	GlobalSection(SolutionConfigurationPlatforms) = preSolution
		Debug|Any CPU = Debug|Any CPU
		Release|Any CPU = Release|Any CPU
	EndGlobalSection
	GlobalSection(ProjectConfigurationPlatforms) = postSolution
		{3A694824-BF58-4BC3-82DB-6F1A3AC3BE42}.Debug|Any CPU.ActiveCfg = Debug|Any CPU
		{3A694824-BF58-4BC3-82DB-6F1A3AC3BE42}.Debug|Any CPU.Build.0 = Debug|Any CPU
		{3A694824-BF58-4BC3-82DB-6F1A3AC3BE42}.Release|Any CPU.ActiveCfg = Release|Any CPU
		{3A694824-BF58-4BC3-82DB-6F1A3AC3BE42}.Release|Any CPU.Build.0 = Release|Any CPU
	EndGlobalSection
	GlobalSection(SolutionProperties) = preSolution
		HideSolutionNode = FALSE
	EndGlobalSection
	GlobalSection(ExtensibilityGlobals) = postSolution
		SolutionGuid = {288BEC9B-3F51-49BD-A643-9DB8E3AB78D0}
	EndGlobalSection
EndGlobal
