
Microsoft Visual Studio Solution File, Format Version 12.00
# Visual Studio Version 17
VisualStudioVersion = 17.7.34031.279
MinimumVisualStudioVersion = 10.0.40219.1
Project("{FAE04EC0-301F-11D3-BF4B-00C04F79EFBC}") = "ConsoleAssignment3", "ConsoleAssignment3\ConsoleAssignment3.csproj", "{73BBDA29-FF93-4AE2-BDE0-005930F122DD}"
EndProject
Global
	GlobalSection(SolutionConfigurationPlatforms) = preSolution
		Debug|Any CPU = Debug|Any CPU
		Release|Any CPU = Release|Any CPU
	EndGlobalSection
	GlobalSection(ProjectConfigurationPlatforms) = postSolution
		{73BBDA29-FF93-4AE2-BDE0-005930F122DD}.Debug|Any CPU.ActiveCfg = Debug|Any CPU
		{73BBDA29-FF93-4AE2-BDE0-005930F122DD}.Debug|Any CPU.Build.0 = Debug|Any CPU
		{73BBDA29-FF93-4AE2-BDE0-005930F122DD}.Release|Any CPU.ActiveCfg = Release|Any CPU
		{73BBDA29-FF93-4AE2-BDE0-005930F122DD}.Release|Any CPU.Build.0 = Release|Any CPU
	EndGlobalSection
	GlobalSection(SolutionProperties) = preSolution
		HideSolutionNode = FALSE
	EndGlobalSection
	GlobalSection(ExtensibilityGlobals) = postSolution
		SolutionGuid = {00211FA8-0393-40DB-BA4C-E711BE02FAC2}
	EndGlobalSection
EndGlobal
